// !$*UTF8*$!
{
	archiveVersion = 1;
	classes = {
	};
	objectVersion = 77;
	objects = {

/* Begin PBXContainerItemProxy section */
		C0E1A0000000000000000060 /* PBXContainerItemProxy */ = {
			isa = PBXContainerItemProxy;
			containerPortal = C0E1A0000000000000000050 /* Project object */;
			proxyType = 1;
			remoteGlobalIDString = C0E1A0000000000000000030;
			remoteInfo = CEPITelemedicina;
		};
		C0E1A0000000000000000062 /* PBXContainerItemProxy */ = {
			isa = PBXContainerItemProxy;
			containerPortal = C0E1A0000000000000000050 /* Project object */;
			proxyType = 1;
			remoteGlobalIDString = C0E1A0000000000000000030;
			remoteInfo = CEPITelemedicina;
		};
/* End PBXContainerItemProxy section */

/* Begin PBXFileReference section */
		C0E1A0000000000000000001 /* CEPITelemedicina.app */ = {isa = PBXFileReference; explicitFileType = wrapper.application; includeInIndex = 0; path = CEPITelemedicina.app; sourceTree = BUILT_PRODUCTS_DIR; };
		C0E1A0000000000000000002 /* CEPITelemedicinaTests.xctest */ = {isa = PBXFileReference; explicitFileType = wrapper.cfbundle; includeInIndex = 0; path = CEPITelemedicinaTests.xctest; sourceTree = BUILT_PRODUCTS_DIR; };
		C0E1A0000000000000000003 /* CEPITelemedicinaUITests.xctest */ = {isa = PBXFileReference; explicitFileType = wrapper.cfbundle; includeInIndex = 0; path = CEPITelemedicinaUITests.xctest; sourceTree = BUILT_PRODUCTS_DIR; };
/* End PBXFileReference section */

/* Begin PBXFileSystemSynchronizedRootGroup section */
		C0E1A0000000000000000010 /* CEPITelemedicina */ = {
			isa = PBXFileSystemSynchronizedRootGroup;
			path = CEPITelemedicina;
			sourceTree = "<group>";
		};
		C0E1A0000000000000000011 /* CEPITelemedicinaTests */ = {
			isa = PBXFileSystemSynchronizedRootGroup;
			path = CEPITelemedicinaTests;
			sourceTree = "<group>";
		};
		C0E1A0000000000000000012 /* CEPITelemedicinaUITests */ = {
			isa = PBXFileSystemSynchronizedRootGroup;
			path = CEPITelemedicinaUITests;
			sourceTree = "<group>";
		};
/* End PBXFileSystemSynchronizedRootGroup section */

/* Begin PBXFrameworksBuildPhase section */
		C0E1A0000000000000000041 /* Frameworks */ = {
			isa = PBXFrameworksBuildPhase;
			buildActionMask = 2147483647;
			files = (
			);
			runOnlyForDeploymentPostprocessing = 0;
		};
		C0E1A0000000000000000044 /* Frameworks */ = {
			isa = PBXFrameworksBuildPhase;
			buildActionMask = 2147483647;
			files = (
			);
			runOnlyForDeploymentPostprocessing = 0;
		};
		C0E1A0000000000000000047 /* Frameworks */ = {
			isa = PBXFrameworksBuildPhase;
			buildActionMask = 2147483647;
			files = (
			);
			runOnlyForDeploymentPostprocessing = 0;
		};
/* End PBXFrameworksBuildPhase section */

/* Begin PBXGroup section */
		C0E1A0000000000000000020 = {
			isa = PBXGroup;
			children = (
				C0E1A0000000000000000010 /* CEPITelemedicina */,
				C0E1A0000000000000000011 /* CEPITelemedicinaTests */,
				C0E1A0000000000000000012 /* CEPITelemedicinaUITests */,
				C0E1A0000000000000000021 /* Products */,
			);
			sourceTree = "<group>";
		};
		C0E1A0000000000000000021 /* Products */ = {
			isa = PBXGroup;
			children = (
				C0E1A0000000000000000001 /* CEPITelemedicina.app */,
				C0E1A0000000000000000002 /* CEPITelemedicinaTests.xctest */,
				C0E1A0000000000000000003 /* CEPITelemedicinaUITests.xctest */,
			);
			name = Products;
			sourceTree = "<group>";
		};
/* End PBXGroup section */

/* Begin PBXNativeTarget section */
		C0E1A0000000000000000030 /* CEPITelemedicina */ = {
			isa = PBXNativeTarget;
			buildConfigurationList = C0E1A0000000000000000080 /* Build configuration list for PBXNativeTarget "CEPITelemedicina" */;
			buildPhases = (
				C0E1A0000000000000000040 /* Sources */,
				C0E1A0000000000000000041 /* Frameworks */,
				C0E1A0000000000000000042 /* Resources */,
			);
			buildRules = (
			);
			dependencies = (
			);
			fileSystemSynchronizedGroups = (
				C0E1A0000000000000000010 /* CEPITelemedicina */,
			);
			name = CEPITelemedicina;
			packageProductDependencies = (
			);
			productName = CEPITelemedicina;
			productReference = C0E1A0000000000000000001 /* CEPITelemedicina.app */;
			productType = "com.apple.product-type.application";
		};
		C0E1A0000000000000000031 /* CEPITelemedicinaTests */ = {
			isa = PBXNativeTarget;
			buildConfigurationList = C0E1A0000000000000000090 /* Build configuration list for PBXNativeTarget "CEPITelemedicinaTests" */;
			buildPhases = (
				C0E1A0000000000000000043 /* Sources */,
				C0E1A0000000000000000044 /* Frameworks */,
				C0E1A0000000000000000045 /* Resources */,
			);
			buildRules = (
			);
			dependencies = (
				C0E1A0000000000000000061 /* PBXTargetDependency */,
			);
			fileSystemSynchronizedGroups = (
				C0E1A0000000000000000011 /* CEPITelemedicinaTests */,
			);
			name = CEPITelemedicinaTests;
			packageProductDependencies = (
			);
			productName = CEPITelemedicinaTests;
			productReference = C0E1A0000000000000000002 /* CEPITelemedicinaTests.xctest */;
			productType = "com.apple.product-type.bundle.unit-test";
		};
		C0E1A0000000000000000032 /* CEPITelemedicinaUITests */ = {
			isa = PBXNativeTarget;
			buildConfigurationList = C0E1A00000000000000000A0 /* Build configuration list for PBXNativeTarget "CEPITelemedicinaUITests" */;
			buildPhases = (
				C0E1A0000000000000000046 /* Sources */,
				C0E1A0000000000000000047 /* Frameworks */,
				C0E1A0000000000000000048 /* Resources */,
			);
			buildRules = (
			);
			dependencies = (
				C0E1A0000000000000000063 /* PBXTargetDependency */,
			);
			fileSystemSynchronizedGroups = (
				C0E1A0000000000000000012 /* CEPITelemedicinaUITests */,
			);
			name = CEPITelemedicinaUITests;
			packageProductDependencies = (
			);
			productName = CEPITelemedicinaUITests;
			productReference = C0E1A0000000000000000003 /* CEPITelemedicinaUITests.xctest */;
			productType = "com.apple.product-type.bundle.ui-testing";
		};
/* End PBXNativeTarget section */

/* Begin PBXProject section */
		C0E1A0000000000000000050 /* Project object */ = {
			isa = PBXProject;
			attributes = {
				BuildIndependentTargetsInParallel = 1;
				LastSwiftUpdateCheck = 2650;
				LastUpgradeCheck = 2650;
				TargetAttributes = {
					C0E1A0000000000000000030 = {
						CreatedOnToolsVersion = 26.5;
					};
					C0E1A0000000000000000031 = {
						CreatedOnToolsVersion = 26.5;
						TestTargetID = C0E1A0000000000000000030;
					};
					C0E1A0000000000000000032 = {
						CreatedOnToolsVersion = 26.5;
						TestTargetID = C0E1A0000000000000000030;
					};
				};
			};
			buildConfigurationList = C0E1A0000000000000000070 /* Build configuration list for PBXProject "CEPITelemedicina" */;
			developmentRegion = es;
			hasScannedForEncodings = 0;
			knownRegions = (
				es,
				Base,
			);
			mainGroup = C0E1A0000000000000000020;
			minimizedProjectReferenceProxies = 1;
			preferredProjectObjectVersion = 77;
			productRefGroup = C0E1A0000000000000000021 /* Products */;
			projectDirPath = "";
			projectRoot = "";
			targets = (
				C0E1A0000000000000000030 /* CEPITelemedicina */,
				C0E1A0000000000000000031 /* CEPITelemedicinaTests */,
				C0E1A0000000000000000032 /* CEPITelemedicinaUITests */,
			);
		};
/* End PBXProject section */

/* Begin PBXResourcesBuildPhase section */
		C0E1A0000000000000000042 /* Resources */ = {
			isa = PBXResourcesBuildPhase;
			buildActionMask = 2147483647;
			files = (
			);
			runOnlyForDeploymentPostprocessing = 0;
		};
		C0E1A0000000000000000045 /* Resources */ = {
			isa = PBXResourcesBuildPhase;
			buildActionMask = 2147483647;
			files = (
			);
			runOnlyForDeploymentPostprocessing = 0;
		};
		C0E1A0000000000000000048 /* Resources */ = {
			isa = PBXResourcesBuildPhase;
			buildActionMask = 2147483647;
			files = (
			);
			runOnlyForDeploymentPostprocessing = 0;
		};
/* End PBXResourcesBuildPhase section */

/* Begin PBXSourcesBuildPhase section */
		C0E1A0000000000000000040 /* Sources */ = {
			isa = PBXSourcesBuildPhase;
			buildActionMask = 2147483647;
			files = (
			);
			runOnlyForDeploymentPostprocessing = 0;
		};
		C0E1A0000000000000000043 /* Sources */ = {
			isa = PBXSourcesBuildPhase;
			buildActionMask = 2147483647;
			files = (
			);
			runOnlyForDeploymentPostprocessing = 0;
		};
		C0E1A0000000000000000046 /* Sources */ = {
			isa = PBXSourcesBuildPhase;
			buildActionMask = 2147483647;
			files = (
			);
			runOnlyForDeploymentPostprocessing = 0;
		};
/* End PBXSourcesBuildPhase section */

/* Begin PBXTargetDependency section */
		C0E1A0000000000000000061 /* PBXTargetDependency */ = {
			isa = PBXTargetDependency;
			target = C0E1A0000000000000000030 /* CEPITelemedicina */;
			targetProxy = C0E1A0000000000000000060 /* PBXContainerItemProxy */;
		};
		C0E1A0000000000000000063 /* PBXTargetDependency */ = {
			isa = PBXTargetDependency;
			target = C0E1A0000000000000000030 /* CEPITelemedicina */;
			targetProxy = C0E1A0000000000000000062 /* PBXContainerItemProxy */;
		};
/* End PBXTargetDependency section */

/* Begin XCBuildConfiguration section */
		C0E1A0000000000000000071 /* Debug */ = {
			isa = XCBuildConfiguration;
			buildSettings = {
				ALWAYS_SEARCH_USER_PATHS = NO;
				ASSETCATALOG_COMPILER_GENERATE_SWIFT_ASSET_SYMBOL_EXTENSIONS = YES;
				CLANG_ENABLE_MODULES = YES;
				CLANG_ENABLE_OBJC_ARC = YES;
				COPY_PHASE_STRIP = NO;
				DEBUG_INFORMATION_FORMAT = dwarf;
				ENABLE_STRICT_OBJC_MSGSEND = YES;
				ENABLE_TESTABILITY = YES;
				ENABLE_USER_SCRIPT_SANDBOXING = YES;
				GCC_OPTIMIZATION_LEVEL = 0;
				GCC_PREPROCESSOR_DEFINITIONS = (
					"DEBUG=1",
					"$(inherited)",
				);
				IPHONEOS_DEPLOYMENT_TARGET = 17.0;
				LOCALIZATION_PREFERS_STRING_CATALOGS = YES;
				ONLY_ACTIVE_ARCH = YES;
				SDKROOT = iphoneos;
				SWIFT_ACTIVE_COMPILATION_CONDITIONS = "DEBUG $(inherited)";
				SWIFT_OPTIMIZATION_LEVEL = "-Onone";
				SWIFT_VERSION = 6.0;
			};
			name = Debug;
		};
		C0E1A0000000000000000072 /* Release */ = {
			isa = XCBuildConfiguration;
			buildSettings = {
				ALWAYS_SEARCH_USER_PATHS = NO;
				ASSETCATALOG_COMPILER_GENERATE_SWIFT_ASSET_SYMBOL_EXTENSIONS = YES;
				CLANG_ENABLE_MODULES = YES;
				CLANG_ENABLE_OBJC_ARC = YES;
				COPY_PHASE_STRIP = NO;
				DEBUG_INFORMATION_FORMAT = "dwarf-with-dsym";
				ENABLE_NS_ASSERTIONS = NO;
				ENABLE_STRICT_OBJC_MSGSEND = YES;
				ENABLE_USER_SCRIPT_SANDBOXING = YES;
				IPHONEOS_DEPLOYMENT_TARGET = 17.0;
				LOCALIZATION_PREFERS_STRING_CATALOGS = YES;
				SDKROOT = iphoneos;
				SWIFT_COMPILATION_MODE = wholemodule;
				SWIFT_VERSION = 6.0;
				VALIDATE_PRODUCT = YES;
			};
			name = Release;
		};
		C0E1A0000000000000000081 /* Debug */ = {
			isa = XCBuildConfiguration;
			buildSettings = {
				ASSETCATALOG_COMPILER_APPICON_NAME = AppIcon;
				ASSETCATALOG_COMPILER_GLOBAL_ACCENT_COLOR_NAME = AccentColor;
				CODE_SIGN_STYLE = Automatic;
				CURRENT_PROJECT_VERSION = 3;
				DEVELOPMENT_TEAM = KLR354RZKZ;
				ENABLE_PREVIEWS = YES;
				GENERATE_INFOPLIST_FILE = YES;
				INFOPLIST_KEY_CFBundleDisplayName = "CEPI Telemedicina";
				INFOPLIST_KEY_ITSAppUsesNonExemptEncryption = NO;
				INFOPLIST_KEY_LSApplicationCategoryType = "public.app-category.medical";
				INFOPLIST_KEY_NSCameraUsageDescription = "Para fotografiar lesiones y consentimientos y adjuntarlos al hilo del paciente.";
				INFOPLIST_KEY_UIApplicationSceneManifest_Generation = YES;
				INFOPLIST_KEY_UIApplicationSupportsIndirectInputEvents = YES;
				INFOPLIST_KEY_UILaunchScreen_Generation = YES;
				INFOPLIST_KEY_UISupportedInterfaceOrientations_iPad = "UIInterfaceOrientationPortrait UIInterfaceOrientationPortraitUpsideDown UIInterfaceOrientationLandscapeLeft UIInterfaceOrientationLandscapeRight";
				INFOPLIST_KEY_UISupportedInterfaceOrientations_iPhone = UIInterfaceOrientationPortrait;
				LD_RUNPATH_SEARCH_PATHS = (
					"$(inherited)",
					"@executable_path/Frameworks",
				);
				MARKETING_VERSION = 1.0;
				PRODUCT_BUNDLE_IDENTIFIER = ec.cepi.telemedicina;
				PRODUCT_NAME = "$(TARGET_NAME)";
				SUPPORTED_PLATFORMS = "iphoneos iphonesimulator";
				SUPPORTS_MACCATALYST = NO;
				SUPPORTS_MAC_DESIGNED_FOR_IPHONE_IPAD = NO;
				SWIFT_EMIT_LOC_STRINGS = YES;
				TARGETED_DEVICE_FAMILY = "1,2";
			};
			name = Debug;
		};
		C0E1A0000000000000000082 /* Release */ = {
			isa = XCBuildConfiguration;
			buildSettings = {
				ASSETCATALOG_COMPILER_APPICON_NAME = AppIcon;
				ASSETCATALOG_COMPILER_GLOBAL_ACCENT_COLOR_NAME = AccentColor;
				CODE_SIGN_STYLE = Automatic;
				CURRENT_PROJECT_VERSION = 3;
				DEVELOPMENT_TEAM = KLR354RZKZ;
				ENABLE_PREVIEWS = YES;
				GENERATE_INFOPLIST_FILE = YES;
				INFOPLIST_KEY_CFBundleDisplayName = "CEPI Telemedicina";
				INFOPLIST_KEY_ITSAppUsesNonExemptEncryption = NO;
				INFOPLIST_KEY_LSApplicationCategoryType = "public.app-category.medical";
				INFOPLIST_KEY_NSCameraUsageDescription = "Para fotografiar lesiones y consentimientos y adjuntarlos al hilo del paciente.";
				INFOPLIST_KEY_UIApplicationSceneManifest_Generation = YES;
				INFOPLIST_KEY_UIApplicationSupportsIndirectInputEvents = YES;
				INFOPLIST_KEY_UILaunchScreen_Generation = YES;
				INFOPLIST_KEY_UISupportedInterfaceOrientations_iPad = "UIInterfaceOrientationPortrait UIInterfaceOrientationPortraitUpsideDown UIInterfaceOrientationLandscapeLeft UIInterfaceOrientationLandscapeRight";
				INFOPLIST_KEY_UISupportedInterfaceOrientations_iPhone = UIInterfaceOrientationPortrait;
				LD_RUNPATH_SEARCH_PATHS = (
					"$(inherited)",
					"@executable_path/Frameworks",
				);
				MARKETING_VERSION = 1.0;
				PRODUCT_BUNDLE_IDENTIFIER = ec.cepi.telemedicina;
				PRODUCT_NAME = "$(TARGET_NAME)";
				SUPPORTED_PLATFORMS = "iphoneos iphonesimulator";
				SUPPORTS_MACCATALYST = NO;
				SUPPORTS_MAC_DESIGNED_FOR_IPHONE_IPAD = NO;
				SWIFT_EMIT_LOC_STRINGS = YES;
				TARGETED_DEVICE_FAMILY = "1,2";
			};
			name = Release;
		};
		C0E1A0000000000000000091 /* Debug */ = {
			isa = XCBuildConfiguration;
			buildSettings = {
				BUNDLE_LOADER = "$(TEST_HOST)";
				CODE_SIGN_STYLE = Automatic;
				CURRENT_PROJECT_VERSION = 3;
				DEVELOPMENT_TEAM = KLR354RZKZ;
				GENERATE_INFOPLIST_FILE = YES;
				MARKETING_VERSION = 1.0;
				PRODUCT_BUNDLE_IDENTIFIER = ec.cepi.telemedicina.tests;
				PRODUCT_NAME = "$(TARGET_NAME)";
				SUPPORTED_PLATFORMS = "iphoneos iphonesimulator";
				SWIFT_EMIT_LOC_STRINGS = NO;
				TARGETED_DEVICE_FAMILY = "1,2";
				TEST_HOST = "$(BUILT_PRODUCTS_DIR)/CEPITelemedicina.app/$(BUNDLE_EXECUTABLE_FOLDER_PATH)/CEPITelemedicina";
			};
			name = Debug;
		};
		C0E1A0000000000000000092 /* Release */ = {
			isa = XCBuildConfiguration;
			buildSettings = {
				BUNDLE_LOADER = "$(TEST_HOST)";
				CODE_SIGN_STYLE = Automatic;
				CURRENT_PROJECT_VERSION = 3;
				DEVELOPMENT_TEAM = KLR354RZKZ;
				GENERATE_INFOPLIST_FILE = YES;
				MARKETING_VERSION = 1.0;
				PRODUCT_BUNDLE_IDENTIFIER = ec.cepi.telemedicina.tests;
				PRODUCT_NAME = "$(TARGET_NAME)";
				SUPPORTED_PLATFORMS = "iphoneos iphonesimulator";
				SWIFT_EMIT_LOC_STRINGS = NO;
				TARGETED_DEVICE_FAMILY = "1,2";
				TEST_HOST = "$(BUILT_PRODUCTS_DIR)/CEPITelemedicina.app/$(BUNDLE_EXECUTABLE_FOLDER_PATH)/CEPITelemedicina";
			};
			name = Release;
		};
		C0E1A00000000000000000A1 /* Debug */ = {
			isa = XCBuildConfiguration;
			buildSettings = {
				CODE_SIGN_STYLE = Automatic;
				CURRENT_PROJECT_VERSION = 3;
				DEVELOPMENT_TEAM = KLR354RZKZ;
				GENERATE_INFOPLIST_FILE = YES;
				MARKETING_VERSION = 1.0;
				PRODUCT_BUNDLE_IDENTIFIER = ec.cepi.telemedicina.uitests;
				PRODUCT_NAME = "$(TARGET_NAME)";
				SUPPORTED_PLATFORMS = "iphoneos iphonesimulator";
				SWIFT_EMIT_LOC_STRINGS = NO;
				TARGETED_DEVICE_FAMILY = "1,2";
				TEST_TARGET_NAME = CEPITelemedicina;
			};
			name = Debug;
		};
		C0E1A00000000000000000A2 /* Release */ = {
			isa = XCBuildConfiguration;
			buildSettings = {
				CODE_SIGN_STYLE = Automatic;
				CURRENT_PROJECT_VERSION = 3;
				DEVELOPMENT_TEAM = KLR354RZKZ;
				GENERATE_INFOPLIST_FILE = YES;
				MARKETING_VERSION = 1.0;
				PRODUCT_BUNDLE_IDENTIFIER = ec.cepi.telemedicina.uitests;
				PRODUCT_NAME = "$(TARGET_NAME)";
				SUPPORTED_PLATFORMS = "iphoneos iphonesimulator";
				SWIFT_EMIT_LOC_STRINGS = NO;
				TARGETED_DEVICE_FAMILY = "1,2";
				TEST_TARGET_NAME = CEPITelemedicina;
			};
			name = Release;
		};
/* End XCBuildConfiguration section */

/* Begin XCConfigurationList section */
		C0E1A0000000000000000070 /* Build configuration list for PBXProject "CEPITelemedicina" */ = {
			isa = XCConfigurationList;
			buildConfigurations = (
				C0E1A0000000000000000071 /* Debug */,
				C0E1A0000000000000000072 /* Release */,
			);
			defaultConfigurationIsVisible = 0;
			defaultConfigurationName = Release;
		};
		C0E1A0000000000000000080 /* Build configuration list for PBXNativeTarget "CEPITelemedicina" */ = {
			isa = XCConfigurationList;
			buildConfigurations = (
				C0E1A0000000000000000081 /* Debug */,
				C0E1A0000000000000000082 /* Release */,
			);
			defaultConfigurationIsVisible = 0;
			defaultConfigurationName = Release;
		};
		C0E1A0000000000000000090 /* Build configuration list for PBXNativeTarget "CEPITelemedicinaTests" */ = {
			isa = XCConfigurationList;
			buildConfigurations = (
				C0E1A0000000000000000091 /* Debug */,
				C0E1A0000000000000000092 /* Release */,
			);
			defaultConfigurationIsVisible = 0;
			defaultConfigurationName = Release;
		};
		C0E1A00000000000000000A0 /* Build configuration list for PBXNativeTarget "CEPITelemedicinaUITests" */ = {
			isa = XCConfigurationList;
			buildConfigurations = (
				C0E1A00000000000000000A1 /* Debug */,
				C0E1A00000000000000000A2 /* Release */,
			);
			defaultConfigurationIsVisible = 0;
			defaultConfigurationName = Release;
		};
/* End XCConfigurationList section */
	};
	rootObject = C0E1A0000000000000000050 /* Project object */;
}
